// !$*UTF8*$!
{
	archiveVersion = 1;
	classes = {
	};
	objectVersion = 52;
	objects = {

/* Begin PBXBuildFile section */
		4C183A2A284E3A2A00F9AD76 /* CheckboxHeaderCell.swift in Sources */ = {isa = PBXBuildFile; fileRef = 4C183A29284E3A2A00F9AD76 /* CheckboxHeaderCell.swift */; };
		4C4B46F0267B710A007F7CD7 /* kiwix-serve in CopyFiles */ = {isa = PBXBuildFile; fileRef = 4C4B46EC267B710A007F7CD7 /* kiwix-serve */; settings = {ATTRIBUTES = (CodeSignOnCopy, ); }; };
		4C6F15E52679BEE000AEF6D3 /* KiwingsApp.swift in Sources */ = {isa = PBXBuildFile; fileRef = 4C6F15E42679BEE000AEF6D3 /* KiwingsApp.swift */; };
		4C6F15E72679BEE000AEF6D3 /* ContentView.swift in Sources */ = {isa = PBXBuildFile; fileRef = 4C6F15E62679BEE000AEF6D3 /* ContentView.swift */; };
		4C6F15E92679BEE100AEF6D3 /* Assets.xcassets in Resources */ = {isa = PBXBuildFile; fileRef = 4C6F15E82679BEE100AEF6D3 /* Assets.xcassets */; };
		4C6F15EC2679BEE100AEF6D3 /* Preview Assets.xcassets in Resources */ = {isa = PBXBuildFile; fileRef = 4C6F15EB2679BEE100AEF6D3 /* Preview Assets.xcassets */; };
		4C7E64B7284FA80E0038C9CD /* LaunchAtLogin in Frameworks */ = {isa = PBXBuildFile; productRef = 4C7E64B6284FA80E0038C9CD /* LaunchAtLogin */; };
		4CE1B7F6267B071B0001DCD9 /* SettingsView.swift in Sources */ = {isa = PBXBuildFile; fileRef = 4CE1B7F5267B071B0001DCD9 /* SettingsView.swift */; };
		4CE7442926808F80006B8DEB /* DataTypes.swift in Sources */ = {isa = PBXBuildFile; fileRef = 4CE7442826808F80006B8DEB /* DataTypes.swift */; };
		4CE7442B26808FF6006B8DEB /* CustomControls.swift in Sources */ = {isa = PBXBuildFile; fileRef = 4CE7442A26808FF6006B8DEB /* CustomControls.swift */; };
/* End PBXBuildFile section */

/* Begin PBXCopyFilesBuildPhase section */
		4C4B46E8267B7096007F7CD7 /* CopyFiles */ = {
			isa = PBXCopyFilesBuildPhase;
			buildActionMask = 2147483647;
			dstPath = "";
			dstSubfolderSpec = 6;
			files = (
				4C4B46F0267B710A007F7CD7 /* kiwix-serve in CopyFiles */,
			);
			runOnlyForDeploymentPostprocessing = 0;
		};
/* End PBXCopyFilesBuildPhase section */

/* Begin PBXFileReference section */
		4C183A29284E3A2A00F9AD76 /* CheckboxHeaderCell.swift */ = {isa = PBXFileReference; lastKnownFileType = sourcecode.swift; path = CheckboxHeaderCell.swift; sourceTree = "<group>"; };
		4C4B46EC267B710A007F7CD7 /* kiwix-serve */ = {isa = PBXFileReference; lastKnownFileType = "compiled.mach-o.executable"; path = "kiwix-serve"; sourceTree = "<group>"; };
		4C6F15E12679BEE000AEF6D3 /* Kiwings.app */ = {isa = PBXFileReference; explicitFileType = wrapper.application; includeInIndex = 0; path = Kiwings.app; sourceTree = BUILT_PRODUCTS_DIR; };
		4C6F15E42679BEE000AEF6D3 /* KiwingsApp.swift */ = {isa = PBXFileReference; lastKnownFileType = sourcecode.swift; path = KiwingsApp.swift; sourceTree = "<group>"; };
		4C6F15E62679BEE000AEF6D3 /* ContentView.swift */ = {isa = PBXFileReference; lastKnownFileType = sourcecode.swift; path = ContentView.swift; sourceTree = "<group>"; };
		4C6F15E82679BEE100AEF6D3 /* Assets.xcassets */ = {isa = PBXFileReference; lastKnownFileType = folder.assetcatalog; path = Assets.xcassets; sourceTree = "<group>"; };
		4C6F15EB2679BEE100AEF6D3 /* Preview Assets.xcassets */ = {isa = PBXFileReference; lastKnownFileType = folder.assetcatalog; path = "Preview Assets.xcassets"; sourceTree = "<group>"; };
		4C6F15ED2679BEE100AEF6D3 /* Info.plist */ = {isa = PBXFileReference; lastKnownFileType = text.plist.xml; path = Info.plist; sourceTree = "<group>"; };
		4C6F15EE2679BEE100AEF6D3 /* Kiwings.entitlements */ = {isa = PBXFileReference; lastKnownFileType = text.plist.entitlements; path = Kiwings.entitlements; sourceTree = "<group>"; };
		4CE1B7F5267B071B0001DCD9 /* SettingsView.swift */ = {isa = PBXFileReference; lastKnownFileType = sourcecode.swift; path = SettingsView.swift; sourceTree = "<group>"; };
		4CE7442826808F80006B8DEB /* DataTypes.swift */ = {isa = PBXFileReference; lastKnownFileType = sourcecode.swift; path = DataTypes.swift; sourceTree = "<group>"; };
		4CE7442A26808FF6006B8DEB /* CustomControls.swift */ = {isa = PBXFileReference; lastKnownFileType = sourcecode.swift; path = CustomControls.swift; sourceTree = "<group>"; };
/* End PBXFileReference section */

/* Begin PBXFrameworksBuildPhase section */
		4C6F15DE2679BEE000AEF6D3 /* Frameworks */ = {
			isa = PBXFrameworksBuildPhase;
			buildActionMask = 2147483647;
			files = (
				4C7E64B7284FA80E0038C9CD /* LaunchAtLogin in Frameworks */,
			);
			runOnlyForDeploymentPostprocessing = 0;
		};
/* End PBXFrameworksBuildPhase section */

/* Begin PBXGroup section */
		4C6F15D82679BEE000AEF6D3 = {
			isa = PBXGroup;
			children = (
				4C4B46EC267B710A007F7CD7 /* kiwix-serve */,
				4C6F15E32679BEE000AEF6D3 /* Kiwings */,
				4C6F15E22679BEE000AEF6D3 /* Products */,
			);
			sourceTree = "<group>";
		};
		4C6F15E22679BEE000AEF6D3 /* Products */ = {
			isa = PBXGroup;
			children = (
				4C6F15E12679BEE000AEF6D3 /* Kiwings.app */,
			);
			name = Products;
			sourceTree = "<group>";
		};
		4C6F15E32679BEE000AEF6D3 /* Kiwings */ = {
			isa = PBXGroup;
			children = (
				4C6F15E42679BEE000AEF6D3 /* KiwingsApp.swift */,
				4C6F15E62679BEE000AEF6D3 /* ContentView.swift */,
				4C6F15E82679BEE100AEF6D3 /* Assets.xcassets */,
				4C6F15ED2679BEE100AEF6D3 /* Info.plist */,
				4C6F15EE2679BEE100AEF6D3 /* Kiwings.entitlements */,
				4C6F15EA2679BEE100AEF6D3 /* Preview Content */,
				4CE1B7F5267B071B0001DCD9 /* SettingsView.swift */,
				4CE7442826808F80006B8DEB /* DataTypes.swift */,
				4CE7442A26808FF6006B8DEB /* CustomControls.swift */,
				4C183A29284E3A2A00F9AD76 /* CheckboxHeaderCell.swift */,
			);
			path = Kiwings;
			sourceTree = "<group>";
		};
		4C6F15EA2679BEE100AEF6D3 /* Preview Content */ = {
			isa = PBXGroup;
			children = (
				4C6F15EB2679BEE100AEF6D3 /* Preview Assets.xcassets */,
			);
			path = "Preview Content";
			sourceTree = "<group>";
		};
/* End PBXGroup section */

/* Begin PBXNativeTarget section */
		4C6F15E02679BEE000AEF6D3 /* Kiwings */ = {
			isa = PBXNativeTarget;
			buildConfigurationList = 4C6F15F12679BEE100AEF6D3 /* Build configuration list for PBXNativeTarget "Kiwings" */;
			buildPhases = (
				4C6F15DD2679BEE000AEF6D3 /* Sources */,
				4C6F15DE2679BEE000AEF6D3 /* Frameworks */,
				4C6F15DF2679BEE000AEF6D3 /* Resources */,
				4C4B46E8267B7096007F7CD7 /* CopyFiles */,
				4C5D6315267F9EF800E01C67 /* Copy "Launch at Login Helper" */,
			);
			buildRules = (
			);
			dependencies = (
			);
			name = Kiwings;
			packageProductDependencies = (
				4C7E64B6284FA80E0038C9CD /* LaunchAtLogin */,
			);
			productName = Kiwings;
			productReference = 4C6F15E12679BEE000AEF6D3 /* Kiwings.app */;
			productType = "com.apple.product-type.application";
		};
/* End PBXNativeTarget section */

/* Begin PBXProject section */
		4C6F15D92679BEE000AEF6D3 /* Project object */ = {
			isa = PBXProject;
			attributes = {
				LastSwiftUpdateCheck = 1250;
				LastUpgradeCheck = 1300;
				TargetAttributes = {
					4C6F15E02679BEE000AEF6D3 = {
						CreatedOnToolsVersion = 12.5;
					};
				};
			};
			buildConfigurationList = 4C6F15DC2679BEE000AEF6D3 /* Build configuration list for PBXProject "Kiwings" */;
			compatibilityVersion = "Xcode 9.3";
			developmentRegion = en;
			hasScannedForEncodings = 0;
			knownRegions = (
				en,
				Base,
			);
			mainGroup = 4C6F15D82679BEE000AEF6D3;
			packageReferences = (
				4C7E64B5284FA80E0038C9CD /* XCRemoteSwiftPackageReference "LaunchAtLogin" */,
			);
			productRefGroup = 4C6F15E22679BEE000AEF6D3 /* Products */;
			projectDirPath = "";
			projectRoot = "";
			targets = (
				4C6F15E02679BEE000AEF6D3 /* Kiwings */,
			);
		};
/* End PBXProject section */

/* Begin PBXResourcesBuildPhase section */
		4C6F15DF2679BEE000AEF6D3 /* Resources */ = {
			isa = PBXResourcesBuildPhase;
			buildActionMask = 2147483647;
			files = (
				4C6F15EC2679BEE100AEF6D3 /* Preview Assets.xcassets in Resources */,
				4C6F15E92679BEE100AEF6D3 /* Assets.xcassets in Resources */,
			);
			runOnlyForDeploymentPostprocessing = 0;
		};
/* End PBXResourcesBuildPhase section */

/* Begin PBXShellScriptBuildPhase section */
		4C5D6315267F9EF800E01C67 /* Copy "Launch at Login Helper" */ = {
			isa = PBXShellScriptBuildPhase;
			buildActionMask = 2147483647;
			files = (
			);
			inputFileListPaths = (
			);
			inputPaths = (
			);
			name = "Copy \"Launch at Login Helper\"";
			outputFileListPaths = (
			);
			outputPaths = (
			);
			runOnlyForDeploymentPostprocessing = 0;
			shellPath = /bin/sh;
			shellScript = "# Type a script or drag a script file from your workspace to insert its path.\n\"${BUILT_PRODUCTS_DIR}/LaunchAtLogin_LaunchAtLogin.bundle/Contents/Resources/copy-helper-swiftpm.sh\"\n";
		};
/* End PBXShellScriptBuildPhase section */

/* Begin PBXSourcesBuildPhase section */
		4C6F15DD2679BEE000AEF6D3 /* Sources */ = {
			isa = PBXSourcesBuildPhase;
			buildActionMask = 2147483647;
			files = (
				4CE1B7F6267B071B0001DCD9 /* SettingsView.swift in Sources */,
				4CE7442926808F80006B8DEB /* DataTypes.swift in Sources */,
				4CE7442B26808FF6006B8DEB /* CustomControls.swift in Sources */,
				4C6F15E72679BEE000AEF6D3 /* ContentView.swift in Sources */,
				4C6F15E52679BEE000AEF6D3 /* KiwingsApp.swift in Sources */,
				4C183A2A284E3A2A00F9AD76 /* CheckboxHeaderCell.swift in Sources */,
			);
			runOnlyForDeploymentPostprocessing = 0;
		};
/* End PBXSourcesBuildPhase section */

/* Begin XCBuildConfiguration section */
		4C6F15EF2679BEE100AEF6D3 /* Debug */ = {
			isa = XCBuildConfiguration;
			buildSettings = {
				ALWAYS_SEARCH_USER_PATHS = NO;
				CLANG_ANALYZER_NONNULL = YES;
				CLANG_ANALYZER_NUMBER_OBJECT_CONVERSION = YES_AGGRESSIVE;
				CLANG_CXX_LANGUAGE_STANDARD = "gnu++14";
				CLANG_CXX_LIBRARY = "libc++";
				CLANG_ENABLE_MODULES = YES;
				CLANG_ENABLE_OBJC_ARC = YES;
				CLANG_ENABLE_OBJC_WEAK = YES;
				CLANG_WARN_BLOCK_CAPTURE_AUTORELEASING = YES;
				CLANG_WARN_BOOL_CONVERSION = YES;
				CLANG_WARN_COMMA = YES;
				CLANG_WARN_CONSTANT_CONVERSION = YES;
				CLANG_WARN_DEPRECATED_OBJC_IMPLEMENTATIONS = YES;
				CLANG_WARN_DIRECT_OBJC_ISA_USAGE = YES_ERROR;
				CLANG_WARN_DOCUMENTATION_COMMENTS = YES;
				CLANG_WARN_EMPTY_BODY = YES;
				CLANG_WARN_ENUM_CONVERSION = YES;
				CLANG_WARN_INFINITE_RECURSION = YES;
				CLANG_WARN_INT_CONVERSION = YES;
				CLANG_WARN_NON_LITERAL_NULL_CONVERSION = YES;
				CLANG_WARN_OBJC_IMPLICIT_RETAIN_SELF = YES;
				CLANG_WARN_OBJC_LITERAL_CONVERSION = YES;
				CLANG_WARN_OBJC_ROOT_CLASS = YES_ERROR;
				CLANG_WARN_QUOTED_INCLUDE_IN_FRAMEWORK_HEADER = YES;
				CLANG_WARN_RANGE_LOOP_ANALYSIS = YES;
				CLANG_WARN_STRICT_PROTOTYPES = YES;
				CLANG_WARN_SUSPICIOUS_MOVE = YES;
				CLANG_WARN_UNGUARDED_AVAILABILITY = YES_AGGRESSIVE;
				CLANG_WARN_UNREACHABLE_CODE = YES;
				CLANG_WARN__DUPLICATE_METHOD_MATCH = YES;
				COPY_PHASE_STRIP = NO;
				DEBUG_INFORMATION_FORMAT = dwarf;
				ENABLE_APP_SANDBOX = YES;
				ENABLE_STRICT_OBJC_MSGSEND = YES;
				ENABLE_TESTABILITY = YES;
				GCC_C_LANGUAGE_STANDARD = gnu11;
				GCC_DYNAMIC_NO_PIC = NO;
				GCC_NO_COMMON_BLOCKS = YES;
				GCC_OPTIMIZATION_LEVEL = 0;
				GCC_PREPROCESSOR_DEFINITIONS = (
					"DEBUG=1",
					"$(inherited)",
				);
				GCC_WARN_64_TO_32_BIT_CONVERSION = YES;
				GCC_WARN_ABOUT_RETURN_TYPE = YES_ERROR;
				GCC_WARN_UNDECLARED_SELECTOR = YES;
				GCC_WARN_UNINITIALIZED_AUTOS = YES_AGGRESSIVE;
				GCC_WARN_UNUSED_FUNCTION = YES;
				GCC_WARN_UNUSED_VARIABLE = YES;
				MACOSX_DEPLOYMENT_TARGET = 11.3;
				MTL_ENABLE_DEBUG_INFO = INCLUDE_SOURCE;
				MTL_FAST_MATH = YES;
				ONLY_ACTIVE_ARCH = YES;
				SDKROOT = macosx;
				SWIFT_ACTIVE_COMPILATION_CONDITIONS = DEBUG;
				SWIFT_OPTIMIZATION_LEVEL = "-Onone";
			};
			name = Debug;
		};
		4C6F15F02679BEE100AEF6D3 /* Release */ = {
			isa = XCBuildConfiguration;
			buildSettings = {
				ALWAYS_SEARCH_USER_PATHS = NO;
				CLANG_ANALYZER_NONNULL = YES;
				CLANG_ANALYZER_NUMBER_OBJECT_CONVERSION = YES_AGGRESSIVE;
				CLANG_CXX_LANGUAGE_STANDARD = "gnu++14";
				CLANG_CXX_LIBRARY = "libc++";
				CLANG_ENABLE_MODULES = YES;
				CLANG_ENABLE_OBJC_ARC = YES;
				CLANG_ENABLE_OBJC_WEAK = YES;
				CLANG_WARN_BLOCK_CAPTURE_AUTORELEASING = YES;
				CLANG_WARN_BOOL_CONVERSION = YES;
				CLANG_WARN_COMMA = YES;
				CLANG_WARN_CONSTANT_CONVERSION = YES;
				CLANG_WARN_DEPRECATED_OBJC_IMPLEMENTATIONS = YES;
				CLANG_WARN_DIRECT_OBJC_ISA_USAGE = YES_ERROR;
				CLANG_WARN_DOCUMENTATION_COMMENTS = YES;
				CLANG_WARN_EMPTY_BODY = YES;
				CLANG_WARN_ENUM_CONVERSION = YES;
				CLANG_WARN_INFINITE_RECURSION = YES;
				CLANG_WARN_INT_CONVERSION = YES;
				CLANG_WARN_NON_LITERAL_NULL_CONVERSION = YES;
				CLANG_WARN_OBJC_IMPLICIT_RETAIN_SELF = YES;
				CLANG_WARN_OBJC_LITERAL_CONVERSION = YES;
				CLANG_WARN_OBJC_ROOT_CLASS = YES_ERROR;
				CLANG_WARN_QUOTED_INCLUDE_IN_FRAMEWORK_HEADER = YES;
				CLANG_WARN_RANGE_LOOP_ANALYSIS = YES;
				CLANG_WARN_STRICT_PROTOTYPES = YES;
				CLANG_WARN_SUSPICIOUS_MOVE = YES;
				CLANG_WARN_UNGUARDED_AVAILABILITY = YES_AGGRESSIVE;
				CLANG_WARN_UNREACHABLE_CODE = YES;
				CLANG_WARN__DUPLICATE_METHOD_MATCH = YES;
				COPY_PHASE_STRIP = NO;
				DEBUG_INFORMATION_FORMAT = "dwarf-with-dsym";
				ENABLE_APP_SANDBOX = YES;
				ENABLE_NS_ASSERTIONS = NO;
				ENABLE_STRICT_OBJC_MSGSEND = YES;
				GCC_C_LANGUAGE_STANDARD = gnu11;
				GCC_NO_COMMON_BLOCKS = YES;
				GCC_WARN_64_TO_32_BIT_CONVERSION = YES;
				GCC_WARN_ABOUT_RETURN_TYPE = YES_ERROR;
				GCC_WARN_UNDECLARED_SELECTOR = YES;
				GCC_WARN_UNINITIALIZED_AUTOS = YES_AGGRESSIVE;
				GCC_WARN_UNUSED_FUNCTION = YES;
				GCC_WARN_UNUSED_VARIABLE = YES;
				MACOSX_DEPLOYMENT_TARGET = 11.3;
				MTL_ENABLE_DEBUG_INFO = NO;
				MTL_FAST_MATH = YES;
				ONLY_ACTIVE_ARCH = YES;
				SDKROOT = macosx;
				SWIFT_COMPILATION_MODE = wholemodule;
				SWIFT_OPTIMIZATION_LEVEL = "-O";
			};
			name = Release;
		};
		4C6F15F22679BEE100AEF6D3 /* Debug */ = {
			isa = XCBuildConfiguration;
			buildSettings = {
				ASSETCATALOG_COMPILER_APPICON_NAME = AppIcon;
				ASSETCATALOG_COMPILER_GLOBAL_ACCENT_COLOR_NAME = AccentColor;
				CODE_SIGN_ENTITLEMENTS = Kiwings/Kiwings.entitlements;
				CODE_SIGN_IDENTITY = "-";
				CODE_SIGN_STYLE = Automatic;
				COMBINE_HIDPI_IMAGES = YES;
				DEVELOPMENT_ASSET_PATHS = "\"Kiwings/Preview Content\"";
				DEVELOPMENT_TEAM = Z53A52TZJF;
				ENABLE_HARDENED_RUNTIME = YES;
				ENABLE_PREVIEWS = YES;
				INFOPLIST_FILE = Kiwings/Info.plist;
				LD_RUNPATH_SEARCH_PATHS = (
					"$(inherited)",
					"@executable_path/../Frameworks",
				);
				MACOSX_DEPLOYMENT_TARGET = 11.0;
				PRODUCT_BUNDLE_IDENTIFIER = net.maheepk.Kiwings;
				PRODUCT_NAME = "$(TARGET_NAME)";
				SWIFT_VERSION = 5.0;
			};
			name = Debug;
		};
		4C6F15F32679BEE100AEF6D3 /* Release */ = {
			isa = XCBuildConfiguration;
			buildSettings = {
				ASSETCATALOG_COMPILER_APPICON_NAME = AppIcon;
				ASSETCATALOG_COMPILER_GLOBAL_ACCENT_COLOR_NAME = AccentColor;
				CODE_SIGN_ENTITLEMENTS = Kiwings/Kiwings.entitlements;
				CODE_SIGN_IDENTITY = "-";
				CODE_SIGN_STYLE = Automatic;
				COMBINE_HIDPI_IMAGES = YES;
				DEVELOPMENT_ASSET_PATHS = "\"Kiwings/Preview Content\"";
				DEVELOPMENT_TEAM = Z53A52TZJF;
				ENABLE_HARDENED_RUNTIME = YES;
				ENABLE_PREVIEWS = YES;
				INFOPLIST_FILE = Kiwings/Info.plist;
				LD_RUNPATH_SEARCH_PATHS = (
					"$(inherited)",
					"@executable_path/../Frameworks",
				);
				MACOSX_DEPLOYMENT_TARGET = 11.0;
				PRODUCT_BUNDLE_IDENTIFIER = net.maheepk.Kiwings;
				PRODUCT_NAME = "$(TARGET_NAME)";
				SWIFT_VERSION = 5.0;
			};
			name = Release;
		};
/* End XCBuildConfiguration section */

/* Begin XCConfigurationList section */
		4C6F15DC2679BEE000AEF6D3 /* Build configuration list for PBXProject "Kiwings" */ = {
			isa = XCConfigurationList;
			buildConfigurations = (
				4C6F15EF2679BEE100AEF6D3 /* Debug */,
				4C6F15F02679BEE100AEF6D3 /* Release */,
			);
			defaultConfigurationIsVisible = 0;
			defaultConfigurationName = Release;
		};
		4C6F15F12679BEE100AEF6D3 /* Build configuration list for PBXNativeTarget "Kiwings" */ = {
			isa = XCConfigurationList;
			buildConfigurations = (
				4C6F15F22679BEE100AEF6D3 /* Debug */,
				4C6F15F32679BEE100AEF6D3 /* Release */,
			);
			defaultConfigurationIsVisible = 0;
			defaultConfigurationName = Release;
		};
/* End XCConfigurationList section */

/* Begin XCRemoteSwiftPackageReference section */
		4C7E64B5284FA80E0038C9CD /* XCRemoteSwiftPackageReference "LaunchAtLogin" */ = {
			isa = XCRemoteSwiftPackageReference;
			repositoryURL = "https://github.com/mkathuri/LaunchAtLogin";
			requirement = {
				branch = main;
				kind = branch;
			};
		};
/* End XCRemoteSwiftPackageReference section */

/* Begin XCSwiftPackageProductDependency section */
		4C7E64B6284FA80E0038C9CD /* LaunchAtLogin */ = {
			isa = XCSwiftPackageProductDependency;
			package = 4C7E64B5284FA80E0038C9CD /* XCRemoteSwiftPackageReference "LaunchAtLogin" */;
			productName = LaunchAtLogin;
		};
/* End XCSwiftPackageProductDependency section */
	};
	rootObject = 4C6F15D92679BEE000AEF6D3 /* Project object */;
}
